
Microsoft Visual Studio Solution File, Format Version 12.00
# Visual Studio Version 17
VisualStudioVersion = 17.13.35931.197 d17.13
MinimumVisualStudioVersion = 10.0.40219.1
Project("{FAE04EC0-301F-11D3-BF4B-00C04F79EFBC}") = "PizzeriaWebApi_EF", "PizzeriaWebApi_EF\PizzeriaWebApi_EF.csproj", "{AE54B10D-664A-46DF-AE6C-CDE54E318D71}"
EndProject
Global
	GlobalSection(SolutionConfigurationPlatforms) = preSolution
		Debug|Any CPU = Debug|Any CPU
		Release|Any CPU = Release|Any CPU
	EndGlobalSection
	GlobalSection(ProjectConfigurationPlatforms) = postSolution
		{AE54B10D-664A-46DF-AE6C-CDE54E318D71}.Debug|Any CPU.ActiveCfg = Debug|Any CPU
		{AE54B10D-664A-46DF-AE6C-CDE54E318D71}.Debug|Any CPU.Build.0 = Debug|Any CPU
		{AE54B10D-664A-46DF-AE6C-CDE54E318D71}.Release|Any CPU.ActiveCfg = Release|Any CPU
		{AE54B10D-664A-46DF-AE6C-CDE54E318D71}.Release|Any CPU.Build.0 = Release|Any CPU
	EndGlobalSection
	GlobalSection(SolutionProperties) = preSolution
		HideSolutionNode = FALSE
	EndGlobalSection
	GlobalSection(ExtensibilityGlobals) = postSolution
		SolutionGuid = {114CE6B0-FC52-4485-A3A7-30F97812429F}
	EndGlobalSection
EndGlobal
